
Microsoft Visual Studio Solution File, Format Version 12.00
# Visual Studio Version 16
VisualStudioVersion = 16.0.30204.135
MinimumVisualStudioVersion = 10.0.40219.1
Project("{FAE04EC0-301F-11D3-BF4B-00C04F79EFBC}") = "ASimpleBlogStarter.Client", "Client\ASimpleBlogStarter.Client.csproj", "{044D5ED8-3905-4A54-898B-418CCCF3F9B8}"
EndProject
Project("{FAE04EC0-301F-11D3-BF4B-00C04F79EFBC}") = "ASimpleBlogStarter.Shared", "Shared\ASimpleBlogStarter.Shared.csproj", "{8707D7EF-D8AD-4DDF-950C-8E1710FD48FC}"
EndProject
Project("{FAE04EC0-301F-11D3-BF4B-00C04F79EFBC}") = "ASimpleBlogStarter.Server", "Server\ASimpleBlogStarter.Server.csproj", "{CC3EDD94-0B07-45CE-A411-030811FD9830}"
EndProject
Global
	GlobalSection(SolutionConfigurationPlatforms) = preSolution
		Debug|Any CPU = Debug|Any CPU
		Release|Any CPU = Release|Any CPU
	EndGlobalSection
	GlobalSection(ProjectConfigurationPlatforms) = postSolution
		{044D5ED8-3905-4A54-898B-418CCCF3F9B8}.Debug|Any CPU.ActiveCfg = Debug|Any CPU
		{044D5ED8-3905-4A54-898B-418CCCF3F9B8}.Debug|Any CPU.Build.0 = Debug|Any CPU
		{044D5ED8-3905-4A54-898B-418CCCF3F9B8}.Release|Any CPU.ActiveCfg = Release|Any CPU
		{044D5ED8-3905-4A54-898B-418CCCF3F9B8}.Release|Any CPU.Build.0 = Release|Any CPU
		{8707D7EF-D8AD-4DDF-950C-8E1710FD48FC}.Debug|Any CPU.ActiveCfg = Debug|Any CPU
		{8707D7EF-D8AD-4DDF-950C-8E1710FD48FC}.Debug|Any CPU.Build.0 = Debug|Any CPU
		{8707D7EF-D8AD-4DDF-950C-8E1710FD48FC}.Release|Any CPU.ActiveCfg = Release|Any CPU
		{8707D7EF-D8AD-4DDF-950C-8E1710FD48FC}.Release|Any CPU.Build.0 = Release|Any CPU
		{CC3EDD94-0B07-45CE-A411-030811FD9830}.Debug|Any CPU.ActiveCfg = Debug|Any CPU
		{CC3EDD94-0B07-45CE-A411-030811FD9830}.Debug|Any CPU.Build.0 = Debug|Any CPU
		{CC3EDD94-0B07-45CE-A411-030811FD9830}.Release|Any CPU.ActiveCfg = Release|Any CPU
		{CC3EDD94-0B07-45CE-A411-030811FD9830}.Release|Any CPU.Build.0 = Release|Any CPU
	EndGlobalSection
	GlobalSection(SolutionProperties) = preSolution
		HideSolutionNode = FALSE
	EndGlobalSection
	GlobalSection(ExtensibilityGlobals) = postSolution
		SolutionGuid = {30D9F698-C7EF-4D9D-83C3-F1A80C0A3143}
	EndGlobalSection
EndGlobal
